
Microsoft Visual Studio Solution File, Format Version 12.00
# Visual Studio 15
VisualStudioVersion = 15.0.27428.2011
MinimumVisualStudioVersion = 10.0.40219.1
Project("{FAE04EC0-301F-11D3-BF4B-00C04F79EFBC}") = "MyShop.Core", "MyShop.Core\MyShop.Core.csproj", "{53AE0DFD-B8E2-4B5A-97A9-B0B4BAD974AA}"
EndProject
Project("{FAE04EC0-301F-11D3-BF4B-00C04F79EFBC}") = "MyShop.Services", "MyShop.Services\MyShop.Services.csproj", "{052417A4-F7D6-4F2F-AF2F-0B5BF25F8A06}"
EndProject
Project("{FAE04EC0-301F-11D3-BF4B-00C04F79EFBC}") = "MyShop.DataAccess.SQL", "MyShop.DataAccess.SQL\MyShop.DataAccess.SQL.csproj", "{137B9E71-8D6D-4809-85A4-A4DBDBE00E42}"
EndProject
Project("{FAE04EC0-301F-11D3-BF4B-00C04F79EFBC}") = "MyShop.DataAccess.InMemory", "MyShop.DataAccess.InMemory\MyShop.DataAccess.InMemory.csproj", "{A49B7272-9A5B-425C-806C-435B88EB32A3}"
EndProject
Project("{FAE04EC0-301F-11D3-BF4B-00C04F79EFBC}") = "MyShop.WebUI", "MyShop.WebUI\MyShop.WebUI.csproj", "{9DB33296-257D-4661-8041-EE0D9E24A339}"
EndProject
Project("{FAE04EC0-301F-11D3-BF4B-00C04F79EFBC}") = "MyShop.WebUI.Tests", "MyShop.WebUI.Tests\MyShop.WebUI.Tests.csproj", "{88A7526F-4164-45BA-A270-7B0E4CAC3B87}"
EndProject
Global
	GlobalSection(SolutionConfigurationPlatforms) = preSolution
		Debug|Any CPU = Debug|Any CPU
		Release|Any CPU = Release|Any CPU
	EndGlobalSection
	GlobalSection(ProjectConfigurationPlatforms) = postSolution
		{53AE0DFD-B8E2-4B5A-97A9-B0B4BAD974AA}.Debug|Any CPU.ActiveCfg = Debug|Any CPU
		{53AE0DFD-B8E2-4B5A-97A9-B0B4BAD974AA}.Debug|Any CPU.Build.0 = Debug|Any CPU
		{53AE0DFD-B8E2-4B5A-97A9-B0B4BAD974AA}.Release|Any CPU.ActiveCfg = Release|Any CPU
		{53AE0DFD-B8E2-4B5A-97A9-B0B4BAD974AA}.Release|Any CPU.Build.0 = Release|Any CPU
		{052417A4-F7D6-4F2F-AF2F-0B5BF25F8A06}.Debug|Any CPU.ActiveCfg = Debug|Any CPU
		{052417A4-F7D6-4F2F-AF2F-0B5BF25F8A06}.Debug|Any CPU.Build.0 = Debug|Any CPU
		{052417A4-F7D6-4F2F-AF2F-0B5BF25F8A06}.Release|Any CPU.ActiveCfg = Release|Any CPU
		{052417A4-F7D6-4F2F-AF2F-0B5BF25F8A06}.Release|Any CPU.Build.0 = Release|Any CPU
		{137B9E71-8D6D-4809-85A4-A4DBDBE00E42}.Debug|Any CPU.ActiveCfg = Debug|Any CPU
		{137B9E71-8D6D-4809-85A4-A4DBDBE00E42}.Debug|Any CPU.Build.0 = Debug|Any CPU
		{137B9E71-8D6D-4809-85A4-A4DBDBE00E42}.Release|Any CPU.ActiveCfg = Release|Any CPU
		{137B9E71-8D6D-4809-85A4-A4DBDBE00E42}.Release|Any CPU.Build.0 = Release|Any CPU
		{A49B7272-9A5B-425C-806C-435B88EB32A3}.Debug|Any CPU.ActiveCfg = Debug|Any CPU
		{A49B7272-9A5B-425C-806C-435B88EB32A3}.Debug|Any CPU.Build.0 = Debug|Any CPU
		{A49B7272-9A5B-425C-806C-435B88EB32A3}.Release|Any CPU.ActiveCfg = Release|Any CPU
		{A49B7272-9A5B-425C-806C-435B88EB32A3}.Release|Any CPU.Build.0 = Release|Any CPU
		{9DB33296-257D-4661-8041-EE0D9E24A339}.Debug|Any CPU.ActiveCfg = Debug|Any CPU
		{9DB33296-257D-4661-8041-EE0D9E24A339}.Debug|Any CPU.Build.0 = Debug|Any CPU
		{9DB33296-257D-4661-8041-EE0D9E24A339}.Release|Any CPU.ActiveCfg = Release|Any CPU
		{9DB33296-257D-4661-8041-EE0D9E24A339}.Release|Any CPU.Build.0 = Release|Any CPU
		{88A7526F-4164-45BA-A270-7B0E4CAC3B87}.Debug|Any CPU.ActiveCfg = Debug|Any CPU
		{88A7526F-4164-45BA-A270-7B0E4CAC3B87}.Debug|Any CPU.Build.0 = Debug|Any CPU
		{88A7526F-4164-45BA-A270-7B0E4CAC3B87}.Release|Any CPU.ActiveCfg = Release|Any CPU
		{88A7526F-4164-45BA-A270-7B0E4CAC3B87}.Release|Any CPU.Build.0 = Release|Any CPU
	EndGlobalSection
	GlobalSection(SolutionProperties) = preSolution
		HideSolutionNode = FALSE
	EndGlobalSection
	GlobalSection(ExtensibilityGlobals) = postSolution
		SolutionGuid = {B79DCF76-3279-4F81-838A-0AC672C43C46}
	EndGlobalSection
EndGlobal
